<?xml version="1.0" encoding="utf-8"?>
<Project ToolsVersion="4.0" xmlns="http://schemas.microsoft.com/developer/msbuild/2003">
  <ItemGroup>
    <Filter Include="源文件">
      <UniqueIdentifier>{4FC737F1-C7A5-4376-A066-2A32D752A2FF}</UniqueIdentifier>
      <Extensions>cpp;c;cc;cxx;c++;cppm;ixx;def;odl;idl;hpj;bat;asm;asmx</Extensions>
    </Filter>
    <Filter Include="头文件">
      <UniqueIdentifier>{93995380-89BD-4b04-88EB-625FBE52EBFB}</UniqueIdentifier>
      <Extensions>h;hh;hpp;hxx;h++;hm;inl;inc;ipp;xsd</Extensions>
    </Filter>
    <Filter Include="资源文件">
      <UniqueIdentifier>{67DA6AB6-F800-4c08-8B7A-83BB121AAD01}</UniqueIdentifier>
      <Extensions>rc;ico;cur;bmp;dlg;rc2;rct;bin;rgs;gif;jpg;jpeg;jpe;resx;tiff;tif;png;wav;mfcribbon-ms</Extensions>
    </Filter>
  </ItemGroup>
  <ItemGroup>
    <ClInclude Include="..\..\common\jvector.h">
      <Filter>头文件</Filter>
    </ClInclude>
    <ClInclude Include="..\..\common\jstring.h">
      <Filter>头文件</Filter>
    </ClInclude>
    <ClInclude Include="..\..\common\jsocket.h">
      <Filter>头文件</Filter>
    </ClInclude>
    <ClInclude Include="..\..\common\jrbtree.h">
      <Filter>头文件</Filter>
    </ClInclude>
    <ClInclude Include="..\..\common\jpthread.h">
      <Filter>头文件</Filter>
    </ClInclude>
    <ClInclude Include="..\..\common\jpqueue.h">
      <Filter>头文件</Filter>
    </ClInclude>
    <ClInclude Include="..\..\common\jpheap.h">
      <Filter>头文件</Filter>
    </ClInclude>
    <ClInclude Include="..\..\common\joptimize.h">
      <Filter>头文件</Filter>
    </ClInclude>
    <ClInclude Include="..\..\common\jlog_core.h">
      <Filter>头文件</Filter>
    </ClInclude>
    <ClInclude Include="..\..\common\jlog.h">
      <Filter>头文件</Filter>
    </ClInclude>
    <ClInclude Include="..\..\common\jlist.h">
      <Filter>头文件</Filter>
    </ClInclude>
    <ClInclude Include="..\..\common\jini.h">
      <Filter>头文件</Filter>
    </ClInclude>
    <ClInclude Include="..\..\common\jheap.h">
      <Filter>头文件</Filter>
    </ClInclude>
    <ClInclude Include="..\..\common\jhashmap.h">
      <Filter>头文件</Filter>
    </ClInclude>
    <ClInclude Include="..\..\common\jfcache.h">
      <Filter>头文件</Filter>
    </ClInclude>
    <ClInclude Include="..\..\common\jbitmap.h">
      <Filter>头文件</Filter>
    </ClInclude>
    <ClInclude Include="..\..\common\jbheap.h">
      <Filter>头文件</Filter>
    </ClInclude>
    <ClInclude Include="..\..\windows\jtimer.h">
      <Filter>头文件</Filter>
    </ClInclude>
    <ClInclude Include="..\..\windows\jtime.h">
      <Filter>头文件</Filter>
    </ClInclude>
    <ClInclude Include="..\..\windows\jthread.h">
      <Filter>头文件</Filter>
    </ClInclude>
    <ClInclude Include="..\..\windows\jperf.h">
      <Filter>头文件</Filter>
    </ClInclude>
    <ClInclude Include="..\..\windows\jfs.h">
      <Filter>头文件</Filter>
    </ClInclude>
  </ItemGroup>
  <ItemGroup>
    <ClCompile Include="..\..\windows\jperf.c">
      <Filter>源文件</Filter>
    </ClCompile>
    <ClCompile Include="..\..\windows\jfs.c">
      <Filter>源文件</Filter>
    </ClCompile>
    <ClCompile Include="..\..\common\jvector.c">
      <Filter>源文件</Filter>
    </ClCompile>
    <ClCompile Include="..\..\common\jstring.c">
      <Filter>源文件</Filter>
    </ClCompile>
    <ClCompile Include="..\..\common\jsocket.c">
      <Filter>源文件</Filter>
    </ClCompile>
    <ClCompile Include="..\..\common\jrbtree.c">
      <Filter>源文件</Filter>
    </ClCompile>
    <ClCompile Include="..\..\common\jpthread.c">
      <Filter>源文件</Filter>
    </ClCompile>
    <ClCompile Include="..\..\common\jpheap.c">
      <Filter>源文件</Filter>
    </ClCompile>
    <ClCompile Include="..\..\common\jlog.c">
      <Filter>源文件</Filter>
    </ClCompile>
    <ClCompile Include="..\..\common\jini.c">
      <Filter>源文件</Filter>
    </ClCompile>
    <ClCompile Include="..\..\common\jheap.c">
      <Filter>源文件</Filter>
    </ClCompile>
    <ClCompile Include="..\..\common\jhashmap.c">
      <Filter>源文件</Filter>
    </ClCompile>
    <ClCompile Include="..\..\common\jfs_c.c">
      <Filter>源文件</Filter>
    </ClCompile>
    <ClCompile Include="..\..\common\jfcache.c">
      <Filter>源文件</Filter>
    </ClCompile>
    <ClCompile Include="..\..\common\jbheap.c">
      <Filter>源文件</Filter>
    </ClCompile>
  </ItemGroup>
</Project>